
Microsoft Visual Studio Solution File, Format Version 12.00
# Visual Studio Version 17
VisualStudioVersion = 17.8.34330.188
MinimumVisualStudioVersion = 10.0.40219.1
Project("{FAE04EC0-301F-11D3-BF4B-00C04F79EFBC}") = "MvcCoreElastiCacheAWS", "MvcCoreElastiCacheAWS\MvcCoreElastiCacheAWS.csproj", "{C7594F66-815F-4014-8F46-37BFEC0B29D9}"
EndProject
Global
	GlobalSection(SolutionConfigurationPlatforms) = preSolution
		Debug|Any CPU = Debug|Any CPU
		Release|Any CPU = Release|Any CPU
	EndGlobalSection
	GlobalSection(ProjectConfigurationPlatforms) = postSolution
		{C7594F66-815F-4014-8F46-37BFEC0B29D9}.Debug|Any CPU.ActiveCfg = Debug|Any CPU
		{C7594F66-815F-4014-8F46-37BFEC0B29D9}.Debug|Any CPU.Build.0 = Debug|Any CPU
		{C7594F66-815F-4014-8F46-37BFEC0B29D9}.Release|Any CPU.ActiveCfg = Release|Any CPU
		{C7594F66-815F-4014-8F46-37BFEC0B29D9}.Release|Any CPU.Build.0 = Release|Any CPU
	EndGlobalSection
	GlobalSection(SolutionProperties) = preSolution
		HideSolutionNode = FALSE
	EndGlobalSection
	GlobalSection(ExtensibilityGlobals) = postSolution
		SolutionGuid = {21FF58DB-B29D-4CA5-AE08-A652A37C223D}
	EndGlobalSection
EndGlobal
